
Microsoft Visual Studio Solution File, Format Version 12.00
# Visual Studio Version 16
VisualStudioVersion = 16.0.29411.108
MinimumVisualStudioVersion = 10.0.40219.1
Project("{FAE04EC0-301F-11D3-BF4B-00C04F79EFBC}") = "GithubMigration", "GithubMigration\GithubMigration.csproj", "{39D06877-C77E-488F-BD23-F152996A17E3}"
EndProject
Global
	GlobalSection(SolutionConfigurationPlatforms) = preSolution
		Debug|Any CPU = Debug|Any CPU
		Release|Any CPU = Release|Any CPU
	EndGlobalSection
	GlobalSection(ProjectConfigurationPlatforms) = postSolution
		{39D06877-C77E-488F-BD23-F152996A17E3}.Debug|Any CPU.ActiveCfg = Debug|Any CPU
		{39D06877-C77E-488F-BD23-F152996A17E3}.Debug|Any CPU.Build.0 = Debug|Any CPU
		{39D06877-C77E-488F-BD23-F152996A17E3}.Release|Any CPU.ActiveCfg = Release|Any CPU
		{39D06877-C77E-488F-BD23-F152996A17E3}.Release|Any CPU.Build.0 = Release|Any CPU
	EndGlobalSection
	GlobalSection(SolutionProperties) = preSolution
		HideSolutionNode = FALSE
	EndGlobalSection
	GlobalSection(ExtensibilityGlobals) = postSolution
		SolutionGuid = {526958DD-EDB7-4FE6-B649-96A20F4E5D89}
	EndGlobalSection
EndGlobal
